// !$*UTF8*$!
{
	archiveVersion = 1;
	classes = {
	};
	objectVersion = 50;
	objects = {

/* Begin PBXBuildFile section */
		2000EC9022B2181000A91F31 /* UserData.swift in Sources */ = {isa = PBXBuildFile; fileRef = 2000EC8F22B2181000A91F31 /* UserData.swift */; };
		202C58CE22B223A5006B5270 /* HexagonParameters.swift in Sources */ = {isa = PBXBuildFile; fileRef = 202C58CD22B223A5006B5270 /* HexagonParameters.swift */; };
		202C58D022B223AE006B5270 /* Badge.swift in Sources */ = {isa = PBXBuildFile; fileRef = 202C58CF22B223AE006B5270 /* Badge.swift */; };
		202C58D222B22665006B5270 /* BadgeBackground.swift in Sources */ = {isa = PBXBuildFile; fileRef = 202C58D122B22665006B5270 /* BadgeBackground.swift */; };
		202C58D422B226AE006B5270 /* BadgeSymbol.swift in Sources */ = {isa = PBXBuildFile; fileRef = 202C58D322B226AE006B5270 /* BadgeSymbol.swift */; };
		202C58D622B227E2006B5270 /* RotatedBadgeSymbol.swift in Sources */ = {isa = PBXBuildFile; fileRef = 202C58D522B227E2006B5270 /* RotatedBadgeSymbol.swift */; };
		207A0D1322B2102000254DB2 /* turtlerock.jpg in Resources */ = {isa = PBXBuildFile; fileRef = 207A0D0622B2102000254DB2 /* turtlerock.jpg */; };
		207A0D1422B2102000254DB2 /* silversalmoncreek.jpg in Resources */ = {isa = PBXBuildFile; fileRef = 207A0D0722B2102000254DB2 /* silversalmoncreek.jpg */; };
		207A0D1522B2102000254DB2 /* icybay.jpg in Resources */ = {isa = PBXBuildFile; fileRef = 207A0D0822B2102000254DB2 /* icybay.jpg */; };
		207A0D1622B2102000254DB2 /* lakemcdonald.jpg in Resources */ = {isa = PBXBuildFile; fileRef = 207A0D0922B2102000254DB2 /* lakemcdonald.jpg */; };
		207A0D1722B2102000254DB2 /* hiddenlake.jpg in Resources */ = {isa = PBXBuildFile; fileRef = 207A0D0A22B2102000254DB2 /* hiddenlake.jpg */; };
		207A0D1822B2102000254DB2 /* twinlake.jpg in Resources */ = {isa = PBXBuildFile; fileRef = 207A0D0B22B2102000254DB2 /* twinlake.jpg */; };
		207A0D1922B2102000254DB2 /* umbagog.jpg in Resources */ = {isa = PBXBuildFile; fileRef = 207A0D0C22B2102000254DB2 /* umbagog.jpg */; };
		207A0D1B22B2102000254DB2 /* chincoteague.jpg in Resources */ = {isa = PBXBuildFile; fileRef = 207A0D0E22B2102000254DB2 /* chincoteague.jpg */; };
		207A0D1C22B2102000254DB2 /* charleyrivers.jpg in Resources */ = {isa = PBXBuildFile; fileRef = 207A0D0F22B2102000254DB2 /* charleyrivers.jpg */; };
		207A0D1D22B2102000254DB2 /* stmarylake.jpg in Resources */ = {isa = PBXBuildFile; fileRef = 207A0D1022B2102000254DB2 /* stmarylake.jpg */; };
		207A0D1E22B2102000254DB2 /* chilkoottrail.jpg in Resources */ = {isa = PBXBuildFile; fileRef = 207A0D1122B2102000254DB2 /* chilkoottrail.jpg */; };
		207A0D1F22B2102000254DB2 /* rainbowlake.jpg in Resources */ = {isa = PBXBuildFile; fileRef = 207A0D1222B2102000254DB2 /* rainbowlake.jpg */; };
		20981BD922B20BDC001E964C /* Data.swift in Sources */ = {isa = PBXBuildFile; fileRef = 20981BD722B20BDB001E964C /* Data.swift */; };
		20981BDA22B20BDC001E964C /* Landmark.swift in Sources */ = {isa = PBXBuildFile; fileRef = 20981BD822B20BDC001E964C /* Landmark.swift */; };
		20981BDC22B20BE9001E964C /* landmarkData.json in Resources */ = {isa = PBXBuildFile; fileRef = 20981BDB22B20BE9001E964C /* landmarkData.json */; };
		20981BDE22B20C26001E964C /* LandmarkRow.swift in Sources */ = {isa = PBXBuildFile; fileRef = 20981BDD22B20C26001E964C /* LandmarkRow.swift */; };
		20981BE022B20D6D001E964C /* LandmarkList.swift in Sources */ = {isa = PBXBuildFile; fileRef = 20981BDF22B20D6D001E964C /* LandmarkList.swift */; };
		20B26D6F22B201AE00A5899C /* AppDelegate.swift in Sources */ = {isa = PBXBuildFile; fileRef = 20B26D6E22B201AE00A5899C /* AppDelegate.swift */; };
		20B26D7122B201AE00A5899C /* SceneDelegate.swift in Sources */ = {isa = PBXBuildFile; fileRef = 20B26D7022B201AE00A5899C /* SceneDelegate.swift */; };
		20B26D7322B201AE00A5899C /* LandmarkDetail.swift in Sources */ = {isa = PBXBuildFile; fileRef = 20B26D7222B201AE00A5899C /* LandmarkDetail.swift */; };
		20B26D7522B201B000A5899C /* Assets.xcassets in Resources */ = {isa = PBXBuildFile; fileRef = 20B26D7422B201B000A5899C /* Assets.xcassets */; };
		20B26D7822B201B000A5899C /* Preview Assets.xcassets in Resources */ = {isa = PBXBuildFile; fileRef = 20B26D7722B201B000A5899C /* Preview Assets.xcassets */; };
		20B26D7B22B201B000A5899C /* LaunchScreen.storyboard in Resources */ = {isa = PBXBuildFile; fileRef = 20B26D7922B201B000A5899C /* LaunchScreen.storyboard */; };
		20B26D8322B202EA00A5899C /* CircleImage.swift in Sources */ = {isa = PBXBuildFile; fileRef = 20B26D8222B202EA00A5899C /* CircleImage.swift */; };
		20B26D8522B2037300A5899C /* MapView.swift in Sources */ = {isa = PBXBuildFile; fileRef = 20B26D8422B2037300A5899C /* MapView.swift */; };
/* End PBXBuildFile section */

/* Begin PBXFileReference section */
		2000EC8F22B2181000A91F31 /* UserData.swift */ = {isa = PBXFileReference; lastKnownFileType = sourcecode.swift; path = UserData.swift; sourceTree = "<group>"; };
		202C58CD22B223A5006B5270 /* HexagonParameters.swift */ = {isa = PBXFileReference; fileEncoding = 4; lastKnownFileType = sourcecode.swift; path = HexagonParameters.swift; sourceTree = "<group>"; };
		202C58CF22B223AE006B5270 /* Badge.swift */ = {isa = PBXFileReference; lastKnownFileType = sourcecode.swift; path = Badge.swift; sourceTree = "<group>"; };
		202C58D122B22665006B5270 /* BadgeBackground.swift */ = {isa = PBXFileReference; lastKnownFileType = sourcecode.swift; path = BadgeBackground.swift; sourceTree = "<group>"; };
		202C58D322B226AE006B5270 /* BadgeSymbol.swift */ = {isa = PBXFileReference; lastKnownFileType = sourcecode.swift; path = BadgeSymbol.swift; sourceTree = "<group>"; };
		202C58D522B227E2006B5270 /* RotatedBadgeSymbol.swift */ = {isa = PBXFileReference; lastKnownFileType = sourcecode.swift; path = RotatedBadgeSymbol.swift; sourceTree = "<group>"; };
		207A0D0622B2102000254DB2 /* turtlerock.jpg */ = {isa = PBXFileReference; lastKnownFileType = image.jpeg; path = turtlerock.jpg; sourceTree = "<group>"; };
		207A0D0722B2102000254DB2 /* silversalmoncreek.jpg */ = {isa = PBXFileReference; lastKnownFileType = image.jpeg; path = silversalmoncreek.jpg; sourceTree = "<group>"; };
		207A0D0822B2102000254DB2 /* icybay.jpg */ = {isa = PBXFileReference; lastKnownFileType = image.jpeg; path = icybay.jpg; sourceTree = "<group>"; };
		207A0D0922B2102000254DB2 /* lakemcdonald.jpg */ = {isa = PBXFileReference; lastKnownFileType = image.jpeg; path = lakemcdonald.jpg; sourceTree = "<group>"; };
		207A0D0A22B2102000254DB2 /* hiddenlake.jpg */ = {isa = PBXFileReference; lastKnownFileType = image.jpeg; path = hiddenlake.jpg; sourceTree = "<group>"; };
		207A0D0B22B2102000254DB2 /* twinlake.jpg */ = {isa = PBXFileReference; lastKnownFileType = image.jpeg; path = twinlake.jpg; sourceTree = "<group>"; };
		207A0D0C22B2102000254DB2 /* umbagog.jpg */ = {isa = PBXFileReference; lastKnownFileType = image.jpeg; path = umbagog.jpg; sourceTree = "<group>"; };
		207A0D0E22B2102000254DB2 /* chincoteague.jpg */ = {isa = PBXFileReference; lastKnownFileType = image.jpeg; path = chincoteague.jpg; sourceTree = "<group>"; };
		207A0D0F22B2102000254DB2 /* charleyrivers.jpg */ = {isa = PBXFileReference; lastKnownFileType = image.jpeg; path = charleyrivers.jpg; sourceTree = "<group>"; };
		207A0D1022B2102000254DB2 /* stmarylake.jpg */ = {isa = PBXFileReference; lastKnownFileType = image.jpeg; path = stmarylake.jpg; sourceTree = "<group>"; };
		207A0D1122B2102000254DB2 /* chilkoottrail.jpg */ = {isa = PBXFileReference; lastKnownFileType = image.jpeg; path = chilkoottrail.jpg; sourceTree = "<group>"; };
		207A0D1222B2102000254DB2 /* rainbowlake.jpg */ = {isa = PBXFileReference; lastKnownFileType = image.jpeg; path = rainbowlake.jpg; sourceTree = "<group>"; };
		20981BD722B20BDB001E964C /* Data.swift */ = {isa = PBXFileReference; fileEncoding = 4; lastKnownFileType = sourcecode.swift; path = Data.swift; sourceTree = "<group>"; };
		20981BD822B20BDC001E964C /* Landmark.swift */ = {isa = PBXFileReference; fileEncoding = 4; lastKnownFileType = sourcecode.swift; path = Landmark.swift; sourceTree = "<group>"; };
		20981BDB22B20BE9001E964C /* landmarkData.json */ = {isa = PBXFileReference; fileEncoding = 4; lastKnownFileType = text.json; path = landmarkData.json; sourceTree = "<group>"; };
		20981BDD22B20C26001E964C /* LandmarkRow.swift */ = {isa = PBXFileReference; lastKnownFileType = sourcecode.swift; path = LandmarkRow.swift; sourceTree = "<group>"; };
		20981BDF22B20D6D001E964C /* LandmarkList.swift */ = {isa = PBXFileReference; lastKnownFileType = sourcecode.swift; path = LandmarkList.swift; sourceTree = "<group>"; };
		20B26D6B22B201AE00A5899C /* Landmarks.app */ = {isa = PBXFileReference; explicitFileType = wrapper.application; includeInIndex = 0; path = Landmarks.app; sourceTree = BUILT_PRODUCTS_DIR; };
		20B26D6E22B201AE00A5899C /* AppDelegate.swift */ = {isa = PBXFileReference; lastKnownFileType = sourcecode.swift; path = AppDelegate.swift; sourceTree = "<group>"; };
		20B26D7022B201AE00A5899C /* SceneDelegate.swift */ = {isa = PBXFileReference; lastKnownFileType = sourcecode.swift; path = SceneDelegate.swift; sourceTree = "<group>"; };
		20B26D7222B201AE00A5899C /* LandmarkDetail.swift */ = {isa = PBXFileReference; lastKnownFileType = sourcecode.swift; path = LandmarkDetail.swift; sourceTree = "<group>"; };
		20B26D7422B201B000A5899C /* Assets.xcassets */ = {isa = PBXFileReference; lastKnownFileType = folder.assetcatalog; path = Assets.xcassets; sourceTree = "<group>"; };
		20B26D7722B201B000A5899C /* Preview Assets.xcassets */ = {isa = PBXFileReference; lastKnownFileType = folder.assetcatalog; path = "Preview Assets.xcassets"; sourceTree = "<group>"; };
		20B26D7A22B201B000A5899C /* Base */ = {isa = PBXFileReference; lastKnownFileType = file.storyboard; name = Base; path = Base.lproj/LaunchScreen.storyboard; sourceTree = "<group>"; };
		20B26D7C22B201B000A5899C /* Info.plist */ = {isa = PBXFileReference; lastKnownFileType = text.plist.xml; path = Info.plist; sourceTree = "<group>"; };
		20B26D8222B202EA00A5899C /* CircleImage.swift */ = {isa = PBXFileReference; lastKnownFileType = sourcecode.swift; path = CircleImage.swift; sourceTree = "<group>"; };
		20B26D8422B2037300A5899C /* MapView.swift */ = {isa = PBXFileReference; lastKnownFileType = sourcecode.swift; path = MapView.swift; sourceTree = "<group>"; };
/* End PBXFileReference section */

/* Begin PBXFrameworksBuildPhase section */
		20B26D6822B201AE00A5899C /* Frameworks */ = {
			isa = PBXFrameworksBuildPhase;
			buildActionMask = 2147483647;
			files = (
			);
			runOnlyForDeploymentPostprocessing = 0;
		};
/* End PBXFrameworksBuildPhase section */

/* Begin PBXGroup section */
		207A0D0522B2102000254DB2 /* Resources */ = {
			isa = PBXGroup;
			children = (
				20981BDB22B20BE9001E964C /* landmarkData.json */,
				207A0D0622B2102000254DB2 /* turtlerock.jpg */,
				207A0D0722B2102000254DB2 /* silversalmoncreek.jpg */,
				207A0D0822B2102000254DB2 /* icybay.jpg */,
				207A0D0922B2102000254DB2 /* lakemcdonald.jpg */,
				207A0D0A22B2102000254DB2 /* hiddenlake.jpg */,
				207A0D0B22B2102000254DB2 /* twinlake.jpg */,
				207A0D0C22B2102000254DB2 /* umbagog.jpg */,
				207A0D0E22B2102000254DB2 /* chincoteague.jpg */,
				207A0D0F22B2102000254DB2 /* charleyrivers.jpg */,
				207A0D1022B2102000254DB2 /* stmarylake.jpg */,
				207A0D1122B2102000254DB2 /* chilkoottrail.jpg */,
				207A0D1222B2102000254DB2 /* rainbowlake.jpg */,
			);
			path = Resources;
			sourceTree = "<group>";
		};
		207A0D2022B2131300254DB2 /* Supporting Views */ = {
			isa = PBXGroup;
			children = (
				20981BDD22B20C26001E964C /* LandmarkRow.swift */,
				20B26D8222B202EA00A5899C /* CircleImage.swift */,
				20B26D8422B2037300A5899C /* MapView.swift */,
			);
			path = "Supporting Views";
			sourceTree = "<group>";
		};
		207A0D2122B2132000254DB2 /* Models */ = {
			isa = PBXGroup;
			children = (
				20981BD722B20BDB001E964C /* Data.swift */,
				2000EC8F22B2181000A91F31 /* UserData.swift */,
				20981BD822B20BDC001E964C /* Landmark.swift */,
			);
			path = Models;
			sourceTree = "<group>";
		};
		20B26D6222B201AE00A5899C = {
			isa = PBXGroup;
			children = (
				20B26D6D22B201AE00A5899C /* Landmarks */,
				20B26D6C22B201AE00A5899C /* Products */,
			);
			sourceTree = "<group>";
		};
		20B26D6C22B201AE00A5899C /* Products */ = {
			isa = PBXGroup;
			children = (
				20B26D6B22B201AE00A5899C /* Landmarks.app */,
			);
			name = Products;
			sourceTree = "<group>";
		};
		20B26D6D22B201AE00A5899C /* Landmarks */ = {
			isa = PBXGroup;
			children = (
				20B26D6E22B201AE00A5899C /* AppDelegate.swift */,
				20B26D7022B201AE00A5899C /* SceneDelegate.swift */,
				207A0D2122B2132000254DB2 /* Models */,
				20981BDF22B20D6D001E964C /* LandmarkList.swift */,
				20B26D7222B201AE00A5899C /* LandmarkDetail.swift */,
				202C58CF22B223AE006B5270 /* Badge.swift */,
				202C58D122B22665006B5270 /* BadgeBackground.swift */,
				202C58D322B226AE006B5270 /* BadgeSymbol.swift */,
				202C58D522B227E2006B5270 /* RotatedBadgeSymbol.swift */,
				207A0D2022B2131300254DB2 /* Supporting Views */,
				202C58CD22B223A5006B5270 /* HexagonParameters.swift */,
				207A0D0522B2102000254DB2 /* Resources */,
				20B26D7422B201B000A5899C /* Assets.xcassets */,
				20B26D7922B201B000A5899C /* LaunchScreen.storyboard */,
				20B26D7C22B201B000A5899C /* Info.plist */,
				20B26D7622B201B000A5899C /* Preview Content */,
			);
			path = Landmarks;
			sourceTree = "<group>";
		};
		20B26D7622B201B000A5899C /* Preview Content */ = {
			isa = PBXGroup;
			children = (
				20B26D7722B201B000A5899C /* Preview Assets.xcassets */,
			);
			path = "Preview Content";
			sourceTree = "<group>";
		};
/* End PBXGroup section */

/* Begin PBXNativeTarget section */
		20B26D6A22B201AE00A5899C /* Landmarks */ = {
			isa = PBXNativeTarget;
			buildConfigurationList = 20B26D7F22B201B000A5899C /* Build configuration list for PBXNativeTarget "Landmarks" */;
			buildPhases = (
				20B26D6722B201AE00A5899C /* Sources */,
				20B26D6822B201AE00A5899C /* Frameworks */,
				20B26D6922B201AE00A5899C /* Resources */,
			);
			buildRules = (
			);
			dependencies = (
			);
			name = Landmarks;
			productName = Landmarks;
			productReference = 20B26D6B22B201AE00A5899C /* Landmarks.app */;
			productType = "com.apple.product-type.application";
		};
/* End PBXNativeTarget section */

/* Begin PBXProject section */
		20B26D6322B201AE00A5899C /* Project object */ = {
			isa = PBXProject;
			attributes = {
				LastSwiftUpdateCheck = 1100;
				LastUpgradeCheck = 1100;
				ORGANIZATIONNAME = "Rahul Sharma";
				TargetAttributes = {
					20B26D6A22B201AE00A5899C = {
						CreatedOnToolsVersion = 11.0;
					};
				};
			};
			buildConfigurationList = 20B26D6622B201AE00A5899C /* Build configuration list for PBXProject "Landmarks" */;
			compatibilityVersion = "Xcode 9.3";
			developmentRegion = en;
			hasScannedForEncodings = 0;
			knownRegions = (
				en,
				Base,
			);
			mainGroup = 20B26D6222B201AE00A5899C;
			productRefGroup = 20B26D6C22B201AE00A5899C /* Products */;
			projectDirPath = "";
			projectRoot = "";
			targets = (
				20B26D6A22B201AE00A5899C /* Landmarks */,
			);
		};
/* End PBXProject section */

/* Begin PBXResourcesBuildPhase section */
		20B26D6922B201AE00A5899C /* Resources */ = {
			isa = PBXResourcesBuildPhase;
			buildActionMask = 2147483647;
			files = (
				207A0D1C22B2102000254DB2 /* charleyrivers.jpg in Resources */,
				20B26D7B22B201B000A5899C /* LaunchScreen.storyboard in Resources */,
				20981BDC22B20BE9001E964C /* landmarkData.json in Resources */,
				20B26D7822B201B000A5899C /* Preview Assets.xcassets in Resources */,
				207A0D1422B2102000254DB2 /* silversalmoncreek.jpg in Resources */,
				20B26D7522B201B000A5899C /* Assets.xcassets in Resources */,
				207A0D1D22B2102000254DB2 /* stmarylake.jpg in Resources */,
				207A0D1B22B2102000254DB2 /* chincoteague.jpg in Resources */,
				207A0D1E22B2102000254DB2 /* chilkoottrail.jpg in Resources */,
				207A0D1522B2102000254DB2 /* icybay.jpg in Resources */,
				207A0D1822B2102000254DB2 /* twinlake.jpg in Resources */,
				207A0D1622B2102000254DB2 /* lakemcdonald.jpg in Resources */,
				207A0D1722B2102000254DB2 /* hiddenlake.jpg in Resources */,
				207A0D1922B2102000254DB2 /* umbagog.jpg in Resources */,
				207A0D1322B2102000254DB2 /* turtlerock.jpg in Resources */,
				207A0D1F22B2102000254DB2 /* rainbowlake.jpg in Resources */,
			);
			runOnlyForDeploymentPostprocessing = 0;
		};
/* End PBXResourcesBuildPhase section */

/* Begin PBXSourcesBuildPhase section */
		20B26D6722B201AE00A5899C /* Sources */ = {
			isa = PBXSourcesBuildPhase;
			buildActionMask = 2147483647;
			files = (
				20981BDA22B20BDC001E964C /* Landmark.swift in Sources */,
				202C58D022B223AE006B5270 /* Badge.swift in Sources */,
				20B26D6F22B201AE00A5899C /* AppDelegate.swift in Sources */,
				20981BD922B20BDC001E964C /* Data.swift in Sources */,
				20B26D8322B202EA00A5899C /* CircleImage.swift in Sources */,
				202C58CE22B223A5006B5270 /* HexagonParameters.swift in Sources */,
				20981BE022B20D6D001E964C /* LandmarkList.swift in Sources */,
				202C58D422B226AE006B5270 /* BadgeSymbol.swift in Sources */,
				202C58D622B227E2006B5270 /* RotatedBadgeSymbol.swift in Sources */,
				20B26D8522B2037300A5899C /* MapView.swift in Sources */,
				202C58D222B22665006B5270 /* BadgeBackground.swift in Sources */,
				20B26D7122B201AE00A5899C /* SceneDelegate.swift in Sources */,
				20981BDE22B20C26001E964C /* LandmarkRow.swift in Sources */,
				2000EC9022B2181000A91F31 /* UserData.swift in Sources */,
				20B26D7322B201AE00A5899C /* LandmarkDetail.swift in Sources */,
			);
			runOnlyForDeploymentPostprocessing = 0;
		};
/* End PBXSourcesBuildPhase section */

/* Begin PBXVariantGroup section */
		20B26D7922B201B000A5899C /* LaunchScreen.storyboard */ = {
			isa = PBXVariantGroup;
			children = (
				20B26D7A22B201B000A5899C /* Base */,
			);
			name = LaunchScreen.storyboard;
			sourceTree = "<group>";
		};
/* End PBXVariantGroup section */

/* Begin XCBuildConfiguration section */
		20B26D7D22B201B000A5899C /* Debug */ = {
			isa = XCBuildConfiguration;
			buildSettings = {
				ALWAYS_SEARCH_USER_PATHS = NO;
				CLANG_ANALYZER_NONNULL = YES;
				CLANG_ANALYZER_NUMBER_OBJECT_CONVERSION = YES_AGGRESSIVE;
				CLANG_CXX_LANGUAGE_STANDARD = "gnu++14";
				CLANG_CXX_LIBRARY = "libc++";
				CLANG_ENABLE_MODULES = YES;
				CLANG_ENABLE_OBJC_ARC = YES;
				CLANG_ENABLE_OBJC_WEAK = YES;
				CLANG_WARN_BLOCK_CAPTURE_AUTORELEASING = YES;
				CLANG_WARN_BOOL_CONVERSION = YES;
				CLANG_WARN_COMMA = YES;
				CLANG_WARN_CONSTANT_CONVERSION = YES;
				CLANG_WARN_DEPRECATED_OBJC_IMPLEMENTATIONS = YES;
				CLANG_WARN_DIRECT_OBJC_ISA_USAGE = YES_ERROR;
				CLANG_WARN_DOCUMENTATION_COMMENTS = YES;
				CLANG_WARN_EMPTY_BODY = YES;
				CLANG_WARN_ENUM_CONVERSION = YES;
				CLANG_WARN_INFINITE_RECURSION = YES;
				CLANG_WARN_INT_CONVERSION = YES;
				CLANG_WARN_NON_LITERAL_NULL_CONVERSION = YES;
				CLANG_WARN_OBJC_IMPLICIT_RETAIN_SELF = YES;
				CLANG_WARN_OBJC_LITERAL_CONVERSION = YES;
				CLANG_WARN_OBJC_ROOT_CLASS = YES_ERROR;
				CLANG_WARN_RANGE_LOOP_ANALYSIS = YES;
				CLANG_WARN_STRICT_PROTOTYPES = YES;
				CLANG_WARN_SUSPICIOUS_MOVE = YES;
				CLANG_WARN_UNGUARDED_AVAILABILITY = YES_AGGRESSIVE;
				CLANG_WARN_UNREACHABLE_CODE = YES;
				CLANG_WARN__DUPLICATE_METHOD_MATCH = YES;
				COPY_PHASE_STRIP = NO;
				DEBUG_INFORMATION_FORMAT = dwarf;
				ENABLE_STRICT_OBJC_MSGSEND = YES;
				ENABLE_TESTABILITY = YES;
				GCC_C_LANGUAGE_STANDARD = gnu11;
				GCC_DYNAMIC_NO_PIC = NO;
				GCC_NO_COMMON_BLOCKS = YES;
				GCC_OPTIMIZATION_LEVEL = 0;
				GCC_PREPROCESSOR_DEFINITIONS = (
					"DEBUG=1",
					"$(inherited)",
				);
				GCC_WARN_64_TO_32_BIT_CONVERSION = YES;
				GCC_WARN_ABOUT_RETURN_TYPE = YES_ERROR;
				GCC_WARN_UNDECLARED_SELECTOR = YES;
				GCC_WARN_UNINITIALIZED_AUTOS = YES_AGGRESSIVE;
				GCC_WARN_UNUSED_FUNCTION = YES;
				GCC_WARN_UNUSED_VARIABLE = YES;
				IPHONEOS_DEPLOYMENT_TARGET = 13.0;
				MTL_ENABLE_DEBUG_INFO = INCLUDE_SOURCE;
				MTL_FAST_MATH = YES;
				ONLY_ACTIVE_ARCH = YES;
				SDKROOT = iphoneos;
				SWIFT_ACTIVE_COMPILATION_CONDITIONS = DEBUG;
				SWIFT_OPTIMIZATION_LEVEL = "-Onone";
			};
			name = Debug;
		};
		20B26D7E22B201B000A5899C /* Release */ = {
			isa = XCBuildConfiguration;
			buildSettings = {
				ALWAYS_SEARCH_USER_PATHS = NO;
				CLANG_ANALYZER_NONNULL = YES;
				CLANG_ANALYZER_NUMBER_OBJECT_CONVERSION = YES_AGGRESSIVE;
				CLANG_CXX_LANGUAGE_STANDARD = "gnu++14";
				CLANG_CXX_LIBRARY = "libc++";
				CLANG_ENABLE_MODULES = YES;
				CLANG_ENABLE_OBJC_ARC = YES;
				CLANG_ENABLE_OBJC_WEAK = YES;
				CLANG_WARN_BLOCK_CAPTURE_AUTORELEASING = YES;
				CLANG_WARN_BOOL_CONVERSION = YES;
				CLANG_WARN_COMMA = YES;
				CLANG_WARN_CONSTANT_CONVERSION = YES;
				CLANG_WARN_DEPRECATED_OBJC_IMPLEMENTATIONS = YES;
				CLANG_WARN_DIRECT_OBJC_ISA_USAGE = YES_ERROR;
				CLANG_WARN_DOCUMENTATION_COMMENTS = YES;
				CLANG_WARN_EMPTY_BODY = YES;
				CLANG_WARN_ENUM_CONVERSION = YES;
				CLANG_WARN_INFINITE_RECURSION = YES;
				CLANG_WARN_INT_CONVERSION = YES;
				CLANG_WARN_NON_LITERAL_NULL_CONVERSION = YES;
				CLANG_WARN_OBJC_IMPLICIT_RETAIN_SELF = YES;
				CLANG_WARN_OBJC_LITERAL_CONVERSION = YES;
				CLANG_WARN_OBJC_ROOT_CLASS = YES_ERROR;
				CLANG_WARN_RANGE_LOOP_ANALYSIS = YES;
				CLANG_WARN_STRICT_PROTOTYPES = YES;
				CLANG_WARN_SUSPICIOUS_MOVE = YES;
				CLANG_WARN_UNGUARDED_AVAILABILITY = YES_AGGRESSIVE;
				CLANG_WARN_UNREACHABLE_CODE = YES;
				CLANG_WARN__DUPLICATE_METHOD_MATCH = YES;
				COPY_PHASE_STRIP = NO;
				DEBUG_INFORMATION_FORMAT = "dwarf-with-dsym";
				ENABLE_NS_ASSERTIONS = NO;
				ENABLE_STRICT_OBJC_MSGSEND = YES;
				GCC_C_LANGUAGE_STANDARD = gnu11;
				GCC_NO_COMMON_BLOCKS = YES;
				GCC_WARN_64_TO_32_BIT_CONVERSION = YES;
				GCC_WARN_ABOUT_RETURN_TYPE = YES_ERROR;
				GCC_WARN_UNDECLARED_SELECTOR = YES;
				GCC_WARN_UNINITIALIZED_AUTOS = YES_AGGRESSIVE;
				GCC_WARN_UNUSED_FUNCTION = YES;
				GCC_WARN_UNUSED_VARIABLE = YES;
				IPHONEOS_DEPLOYMENT_TARGET = 13.0;
				MTL_ENABLE_DEBUG_INFO = NO;
				MTL_FAST_MATH = YES;
				SDKROOT = iphoneos;
				SWIFT_COMPILATION_MODE = wholemodule;
				SWIFT_OPTIMIZATION_LEVEL = "-O";
				VALIDATE_PRODUCT = YES;
			};
			name = Release;
		};
		20B26D8022B201B000A5899C /* Debug */ = {
			isa = XCBuildConfiguration;
			buildSettings = {
				ASSETCATALOG_COMPILER_APPICON_NAME = AppIcon;
				CODE_SIGN_STYLE = Automatic;
				DEVELOPMENT_ASSET_PATHS = "Landmarks/Preview\\ Content";
				ENABLE_PREVIEWS = YES;
				INFOPLIST_FILE = Landmarks/Info.plist;
				LD_RUNPATH_SEARCH_PATHS = (
					"$(inherited)",
					"@executable_path/Frameworks",
				);
				PRODUCT_BUNDLE_IDENTIFIER = com.rahulrs0029.Landmarks;
				PRODUCT_NAME = "$(TARGET_NAME)";
				SWIFT_VERSION = 5.0;
				TARGETED_DEVICE_FAMILY = "1,2";
			};
			name = Debug;
		};
		20B26D8122B201B000A5899C /* Release */ = {
			isa = XCBuildConfiguration;
			buildSettings = {
				ASSETCATALOG_COMPILER_APPICON_NAME = AppIcon;
				CODE_SIGN_STYLE = Automatic;
				DEVELOPMENT_ASSET_PATHS = "Landmarks/Preview\\ Content";
				ENABLE_PREVIEWS = YES;
				INFOPLIST_FILE = Landmarks/Info.plist;
				LD_RUNPATH_SEARCH_PATHS = (
					"$(inherited)",
					"@executable_path/Frameworks",
				);
				PRODUCT_BUNDLE_IDENTIFIER = com.rahulrs0029.Landmarks;
				PRODUCT_NAME = "$(TARGET_NAME)";
				SWIFT_VERSION = 5.0;
				TARGETED_DEVICE_FAMILY = "1,2";
			};
			name = Release;
		};
/* End XCBuildConfiguration section */

/* Begin XCConfigurationList section */
		20B26D6622B201AE00A5899C /* Build configuration list for PBXProject "Landmarks" */ = {
			isa = XCConfigurationList;
			buildConfigurations = (
				20B26D7D22B201B000A5899C /* Debug */,
				20B26D7E22B201B000A5899C /* Release */,
			);
			defaultConfigurationIsVisible = 0;
			defaultConfigurationName = Release;
		};
		20B26D7F22B201B000A5899C /* Build configuration list for PBXNativeTarget "Landmarks" */ = {
			isa = XCConfigurationList;
			buildConfigurations = (
				20B26D8022B201B000A5899C /* Debug */,
				20B26D8122B201B000A5899C /* Release */,
			);
			defaultConfigurationIsVisible = 0;
			defaultConfigurationName = Release;
		};
/* End XCConfigurationList section */
	};
	rootObject = 20B26D6322B201AE00A5899C /* Project object */;
}
